
Microsoft Visual Studio Solution File, Format Version 12.00
# Visual Studio Version 17
VisualStudioVersion = 17.13.35828.75 d17.13
MinimumVisualStudioVersion = 10.0.40219.1
Project("{FAE04EC0-301F-11D3-BF4B-00C04F79EFBC}") = "DokonApp", "DokonApp\DokonApp.csproj", "{FB839F9E-5910-40C7-A4ED-D78765CE43B9}"
EndProject
Global
	GlobalSection(SolutionConfigurationPlatforms) = preSolution
		Debug|Any CPU = Debug|Any CPU
		Release|Any CPU = Release|Any CPU
	EndGlobalSection
	GlobalSection(ProjectConfigurationPlatforms) = postSolution
		{FB839F9E-5910-40C7-A4ED-D78765CE43B9}.Debug|Any CPU.ActiveCfg = Debug|Any CPU
		{FB839F9E-5910-40C7-A4ED-D78765CE43B9}.Debug|Any CPU.Build.0 = Debug|Any CPU
		{FB839F9E-5910-40C7-A4ED-D78765CE43B9}.Debug|Any CPU.Deploy.0 = Debug|Any CPU
		{FB839F9E-5910-40C7-A4ED-D78765CE43B9}.Release|Any CPU.ActiveCfg = Release|Any CPU
		{FB839F9E-5910-40C7-A4ED-D78765CE43B9}.Release|Any CPU.Build.0 = Release|Any CPU
		{FB839F9E-5910-40C7-A4ED-D78765CE43B9}.Release|Any CPU.Deploy.0 = Release|Any CPU
	EndGlobalSection
	GlobalSection(SolutionProperties) = preSolution
		HideSolutionNode = FALSE
	EndGlobalSection
	GlobalSection(ExtensibilityGlobals) = postSolution
		SolutionGuid = {9B8058E2-F68C-4844-9BC0-E00371C03480}
	EndGlobalSection
EndGlobal
